
Microsoft Visual Studio Solution File, Format Version 12.00
# Visual Studio 15
VisualStudioVersion = 15.0.28307.438
MinimumVisualStudioVersion = 10.0.40219.1
Project("{FAE04EC0-301F-11D3-BF4B-00C04F79EFBC}") = "BubbleSort", "BubbleSort\BubbleSort.csproj", "{BD5A033A-CE76-45A7-8595-A129279D200B}"
EndProject
Global
	GlobalSection(SolutionConfigurationPlatforms) = preSolution
		Debug|Any CPU = Debug|Any CPU
		Release|Any CPU = Release|Any CPU
	EndGlobalSection
	GlobalSection(ProjectConfigurationPlatforms) = postSolution
		{BD5A033A-CE76-45A7-8595-A129279D200B}.Debug|Any CPU.ActiveCfg = Debug|Any CPU
		{BD5A033A-CE76-45A7-8595-A129279D200B}.Debug|Any CPU.Build.0 = Debug|Any CPU
		{BD5A033A-CE76-45A7-8595-A129279D200B}.Release|Any CPU.ActiveCfg = Release|Any CPU
		{BD5A033A-CE76-45A7-8595-A129279D200B}.Release|Any CPU.Build.0 = Release|Any CPU
	EndGlobalSection
	GlobalSection(SolutionProperties) = preSolution
		HideSolutionNode = FALSE
	EndGlobalSection
	GlobalSection(ExtensibilityGlobals) = postSolution
		SolutionGuid = {236AEBCE-5C86-4300-9CAB-963ABDB1D6B7}
	EndGlobalSection
EndGlobal
